
Microsoft Visual Studio Solution File, Format Version 12.00
# Visual Studio Version 17
VisualStudioVersion = 17.2.32630.192
MinimumVisualStudioVersion = 10.0.40219.1
Project("{FAE04EC0-301F-11D3-BF4B-00C04F79EFBC}") = "ArrayList", "WpfApp8\ArrayList.csproj", "{F5A03EEC-A556-49DA-B2DF-8C52B38EE2C3}"
EndProject
Global
	GlobalSection(SolutionConfigurationPlatforms) = preSolution
		Debug|Any CPU = Debug|Any CPU
		Release|Any CPU = Release|Any CPU
	EndGlobalSection
	GlobalSection(ProjectConfigurationPlatforms) = postSolution
		{F5A03EEC-A556-49DA-B2DF-8C52B38EE2C3}.Debug|Any CPU.ActiveCfg = Debug|Any CPU
		{F5A03EEC-A556-49DA-B2DF-8C52B38EE2C3}.Debug|Any CPU.Build.0 = Debug|Any CPU
		{F5A03EEC-A556-49DA-B2DF-8C52B38EE2C3}.Release|Any CPU.ActiveCfg = Release|Any CPU
		{F5A03EEC-A556-49DA-B2DF-8C52B38EE2C3}.Release|Any CPU.Build.0 = Release|Any CPU
	EndGlobalSection
	GlobalSection(SolutionProperties) = preSolution
		HideSolutionNode = FALSE
	EndGlobalSection
	GlobalSection(ExtensibilityGlobals) = postSolution
		SolutionGuid = {120ECBF3-6865-4B8F-84F9-2D4E7C26D8A8}
	EndGlobalSection
EndGlobal
